
Microsoft Visual Studio Solution File, Format Version 12.00
# Visual Studio Version 16
VisualStudioVersion = 16.0.31702.278
MinimumVisualStudioVersion = 10.0.40219.1
Project("{FAE04EC0-301F-11D3-BF4B-00C04F79EFBC}") = "RMQ Hello World", "RMQ Hello World.csproj", "{E25456CD-5F29-4543-939E-ABD9BCD4EA74}"
EndProject
Global
	GlobalSection(SolutionConfigurationPlatforms) = preSolution
		Debug|Any CPU = Debug|Any CPU
		Release|Any CPU = Release|Any CPU
	EndGlobalSection
	GlobalSection(ProjectConfigurationPlatforms) = postSolution
		{E25456CD-5F29-4543-939E-ABD9BCD4EA74}.Debug|Any CPU.ActiveCfg = Debug|Any CPU
		{E25456CD-5F29-4543-939E-ABD9BCD4EA74}.Debug|Any CPU.Build.0 = Debug|Any CPU
		{E25456CD-5F29-4543-939E-ABD9BCD4EA74}.Release|Any CPU.ActiveCfg = Release|Any CPU
		{E25456CD-5F29-4543-939E-ABD9BCD4EA74}.Release|Any CPU.Build.0 = Release|Any CPU
	EndGlobalSection
	GlobalSection(SolutionProperties) = preSolution
		HideSolutionNode = FALSE
	EndGlobalSection
	GlobalSection(ExtensibilityGlobals) = postSolution
		SolutionGuid = {E7F2BFF1-0A48-433D-92D3-06E62E509913}
	EndGlobalSection
EndGlobal
